<?xml version="1.0" encoding="utf-8"?>
<Project ToolsVersion="16.0" xmlns="http://schemas.microsoft.com/developer/msbuild/2003">
  <ItemGroup>
    <ClCompile Include="D:\CADCG\Selfstudy_Course\Games101\Assignment\Games101_Assignment\Assignment8\Assignment8\main.cpp">
      <Filter>Source Files</Filter>
    </ClCompile>
    <ClCompile Include="D:\CADCG\Selfstudy_Course\Games101\Assignment\Games101_Assignment\Assignment8\Assignment8\Vector.cpp">
      <Filter>Source Files</Filter>
    </ClCompile>
    <ClCompile Include="D:\CADCG\Selfstudy_Course\Games101\Assignment\Games101_Assignment\Assignment8\Assignment8\Scene.cpp">
      <Filter>Source Files</Filter>
    </ClCompile>
    <ClCompile Include="D:\CADCG\Selfstudy_Course\Games101\Assignment\Games101_Assignment\Assignment8\Assignment8\BVH.cpp">
      <Filter>Source Files</Filter>
    </ClCompile>
    <ClCompile Include="D:\CADCG\Selfstudy_Course\Games101\Assignment\Games101_Assignment\Assignment8\Assignment8\Renderer.cpp">
      <Filter>Source Files</Filter>
    </ClCompile>
  </ItemGroup>
  <ItemGroup>
    <ClInclude Include="D:\CADCG\Selfstudy_Course\Games101\Assignment\Games101_Assignment\Assignment8\Assignment8\Object.hpp">
      <Filter>Header Files</Filter>
    </ClInclude>
    <ClInclude Include="D:\CADCG\Selfstudy_Course\Games101\Assignment\Games101_Assignment\Assignment8\Assignment8\Vector.hpp">
      <Filter>Header Files</Filter>
    </ClInclude>
    <ClInclude Include="D:\CADCG\Selfstudy_Course\Games101\Assignment\Games101_Assignment\Assignment8\Assignment8\Sphere.hpp">
      <Filter>Header Files</Filter>
    </ClInclude>
    <ClInclude Include="D:\CADCG\Selfstudy_Course\Games101\Assignment\Games101_Assignment\Assignment8\Assignment8\global.hpp">
      <Filter>Header Files</Filter>
    </ClInclude>
    <ClInclude Include="D:\CADCG\Selfstudy_Course\Games101\Assignment\Games101_Assignment\Assignment8\Assignment8\Triangle.hpp">
      <Filter>Header Files</Filter>
    </ClInclude>
    <ClInclude Include="D:\CADCG\Selfstudy_Course\Games101\Assignment\Games101_Assignment\Assignment8\Assignment8\Scene.hpp">
      <Filter>Header Files</Filter>
    </ClInclude>
    <ClInclude Include="D:\CADCG\Selfstudy_Course\Games101\Assignment\Games101_Assignment\Assignment8\Assignment8\Light.hpp">
      <Filter>Header Files</Filter>
    </ClInclude>
    <ClInclude Include="D:\CADCG\Selfstudy_Course\Games101\Assignment\Games101_Assignment\Assignment8\Assignment8\AreaLight.hpp">
      <Filter>Header Files</Filter>
    </ClInclude>
    <ClInclude Include="D:\CADCG\Selfstudy_Course\Games101\Assignment\Games101_Assignment\Assignment8\Assignment8\BVH.hpp">
      <Filter>Header Files</Filter>
    </ClInclude>
    <ClInclude Include="D:\CADCG\Selfstudy_Course\Games101\Assignment\Games101_Assignment\Assignment8\Assignment8\Bounds3.hpp">
      <Filter>Header Files</Filter>
    </ClInclude>
    <ClInclude Include="D:\CADCG\Selfstudy_Course\Games101\Assignment\Games101_Assignment\Assignment8\Assignment8\Ray.hpp">
      <Filter>Header Files</Filter>
    </ClInclude>
    <ClInclude Include="D:\CADCG\Selfstudy_Course\Games101\Assignment\Games101_Assignment\Assignment8\Assignment8\Material.hpp">
      <Filter>Header Files</Filter>
    </ClInclude>
    <ClInclude Include="D:\CADCG\Selfstudy_Course\Games101\Assignment\Games101_Assignment\Assignment8\Assignment8\Intersection.hpp">
      <Filter>Header Files</Filter>
    </ClInclude>
    <ClInclude Include="D:\CADCG\Selfstudy_Course\Games101\Assignment\Games101_Assignment\Assignment8\Assignment8\Renderer.hpp">
      <Filter>Header Files</Filter>
    </ClInclude>
  </ItemGroup>
  <ItemGroup>
    <CustomBuild Include="D:\CADCG\Selfstudy_Course\Games101\Assignment\Games101_Assignment\Assignment8\Assignment8\CMakeLists.txt" />
  </ItemGroup>
  <ItemGroup>
    <Filter Include="Header Files">
      <UniqueIdentifier>{A2B68257-526E-312F-BFF1-62939C1C3DC2}</UniqueIdentifier>
    </Filter>
    <Filter Include="Source Files">
      <UniqueIdentifier>{1A047CB1-38AE-312E-BC2F-4B18C9BD4718}</UniqueIdentifier>
    </Filter>
  </ItemGroup>
</Project>
