
Microsoft Visual Studio Solution File, Format Version 12.00
# Visual Studio Version 16
Project("{8BC9CEB8-8B4A-11D0-8D11-00A0C91BC942}") = "ALL_BUILD", "ALL_BUILD.vcxproj", "{450C0F27-8F27-3115-8D12-A80039D306FC}"
	ProjectSection(ProjectDependencies) = postProject
		{8801C3FF-1000-339C-AA5D-84693E7A806C} = {8801C3FF-1000-339C-AA5D-84693E7A806C}
		{AC171497-8C18-315C-8E71-D7D39B144FA3} = {AC171497-8C18-315C-8E71-D7D39B144FA3}
	EndProjectSection
EndProject
Project("{8BC9CEB8-8B4A-11D0-8D11-00A0C91BC942}") = "RayTracing", "RayTracing.vcxproj", "{8801C3FF-1000-339C-AA5D-84693E7A806C}"
	ProjectSection(ProjectDependencies) = postProject
		{AC171497-8C18-315C-8E71-D7D39B144FA3} = {AC171497-8C18-315C-8E71-D7D39B144FA3}
	EndProjectSection
EndProject
Project("{8BC9CEB8-8B4A-11D0-8D11-00A0C91BC942}") = "ZERO_CHECK", "ZERO_CHECK.vcxproj", "{AC171497-8C18-315C-8E71-D7D39B144FA3}"
	ProjectSection(ProjectDependencies) = postProject
	EndProjectSection
EndProject
Global
	GlobalSection(SolutionConfigurationPlatforms) = preSolution
		Debug|x64 = Debug|x64
		Release|x64 = Release|x64
		MinSizeRel|x64 = MinSizeRel|x64
		RelWithDebInfo|x64 = RelWithDebInfo|x64
	EndGlobalSection
	GlobalSection(ProjectConfigurationPlatforms) = postSolution
		{450C0F27-8F27-3115-8D12-A80039D306FC}.Debug|x64.ActiveCfg = Debug|x64
		{450C0F27-8F27-3115-8D12-A80039D306FC}.Release|x64.ActiveCfg = Release|x64
		{450C0F27-8F27-3115-8D12-A80039D306FC}.MinSizeRel|x64.ActiveCfg = MinSizeRel|x64
		{450C0F27-8F27-3115-8D12-A80039D306FC}.RelWithDebInfo|x64.ActiveCfg = RelWithDebInfo|x64
		{8801C3FF-1000-339C-AA5D-84693E7A806C}.Debug|x64.ActiveCfg = Debug|x64
		{8801C3FF-1000-339C-AA5D-84693E7A806C}.Debug|x64.Build.0 = Debug|x64
		{8801C3FF-1000-339C-AA5D-84693E7A806C}.Release|x64.ActiveCfg = Release|x64
		{8801C3FF-1000-339C-AA5D-84693E7A806C}.Release|x64.Build.0 = Release|x64
		{8801C3FF-1000-339C-AA5D-84693E7A806C}.MinSizeRel|x64.ActiveCfg = MinSizeRel|x64
		{8801C3FF-1000-339C-AA5D-84693E7A806C}.MinSizeRel|x64.Build.0 = MinSizeRel|x64
		{8801C3FF-1000-339C-AA5D-84693E7A806C}.RelWithDebInfo|x64.ActiveCfg = RelWithDebInfo|x64
		{8801C3FF-1000-339C-AA5D-84693E7A806C}.RelWithDebInfo|x64.Build.0 = RelWithDebInfo|x64
		{AC171497-8C18-315C-8E71-D7D39B144FA3}.Debug|x64.ActiveCfg = Debug|x64
		{AC171497-8C18-315C-8E71-D7D39B144FA3}.Debug|x64.Build.0 = Debug|x64
		{AC171497-8C18-315C-8E71-D7D39B144FA3}.Release|x64.ActiveCfg = Release|x64
		{AC171497-8C18-315C-8E71-D7D39B144FA3}.Release|x64.Build.0 = Release|x64
		{AC171497-8C18-315C-8E71-D7D39B144FA3}.MinSizeRel|x64.ActiveCfg = MinSizeRel|x64
		{AC171497-8C18-315C-8E71-D7D39B144FA3}.MinSizeRel|x64.Build.0 = MinSizeRel|x64
		{AC171497-8C18-315C-8E71-D7D39B144FA3}.RelWithDebInfo|x64.ActiveCfg = RelWithDebInfo|x64
		{AC171497-8C18-315C-8E71-D7D39B144FA3}.RelWithDebInfo|x64.Build.0 = RelWithDebInfo|x64
	EndGlobalSection
	GlobalSection(ExtensibilityGlobals) = postSolution
		SolutionGuid = {F58906B7-F4CF-3843-AAA1-B8889F26E155}
	EndGlobalSection
	GlobalSection(ExtensibilityAddIns) = postSolution
	EndGlobalSection
EndGlobal
