<?xml version="1.0" encoding="utf-8"?>
<Project ToolsVersion="16.0" xmlns="http://schemas.microsoft.com/developer/msbuild/2003">
  <ItemGroup>
    <CustomBuild Include="D:\CADCG\Selfstudy_Course\Games101\Assignment\Games101_Assignment\Assignment5\Code\build2\CMakeFiles\26fb0c6456f1dba8393a73d817db0c08\generate.stamp.rule">
      <Filter>CMake Rules</Filter>
    </CustomBuild>
  </ItemGroup>
  <ItemGroup>
    <Filter Include="CMake Rules">
      <UniqueIdentifier>{33728251-486E-3177-AF7C-BC48E4156E71}</UniqueIdentifier>
    </Filter>
  </ItemGroup>
</Project>
